
Microsoft Visual Studio Solution File, Format Version 12.00
# Visual Studio Version 17
VisualStudioVersion = 17.13.35919.96
MinimumVisualStudioVersion = 10.0.40219.1
Project("{FAE04EC0-301F-11D3-BF4B-00C04F79EFBC}") = "MORP_app", "MORP_app\MORP_app.csproj", "{6D1456BF-E3DB-4C90-BAC0-D4A6C5BCFF63}"
EndProject
Project("{54435603-DBB4-11D2-8724-00A0C9A8B90C}") = "MORPSetup", "MORPSetup\MORPSetup.vdproj", "{464C1F86-3444-D02F-F192-5967813B55F3}"
EndProject
Global
	GlobalSection(SolutionConfigurationPlatforms) = preSolution
		Debug|Any CPU = Debug|Any CPU
		Release|Any CPU = Release|Any CPU
	EndGlobalSection
	GlobalSection(ProjectConfigurationPlatforms) = postSolution
		{6D1456BF-E3DB-4C90-BAC0-D4A6C5BCFF63}.Debug|Any CPU.ActiveCfg = Debug|Any CPU
		{6D1456BF-E3DB-4C90-BAC0-D4A6C5BCFF63}.Debug|Any CPU.Build.0 = Debug|Any CPU
		{6D1456BF-E3DB-4C90-BAC0-D4A6C5BCFF63}.Release|Any CPU.ActiveCfg = Release|Any CPU
		{6D1456BF-E3DB-4C90-BAC0-D4A6C5BCFF63}.Release|Any CPU.Build.0 = Release|Any CPU
		{464C1F86-3444-D02F-F192-5967813B55F3}.Debug|Any CPU.ActiveCfg = Debug
		{464C1F86-3444-D02F-F192-5967813B55F3}.Release|Any CPU.ActiveCfg = Release
	EndGlobalSection
	GlobalSection(SolutionProperties) = preSolution
		HideSolutionNode = FALSE
	EndGlobalSection
	GlobalSection(ExtensibilityGlobals) = postSolution
		SolutionGuid = {967B6C91-D271-4C3C-BB77-4091E5C2D576}
	EndGlobalSection
EndGlobal
